
Microsoft Visual Studio Solution File, Format Version 12.00
# Visual Studio Version 16
VisualStudioVersion = 16.0.31129.286
MinimumVisualStudioVersion = 10.0.40219.1
Project("{9A19103F-16F7-4668-BE54-9A1E7A4F7556}") = "WebApplicationPannello", "WebApplicationPannello\WebApplicationPannello.csproj", "{308464AA-6559-419F-A71B-22EAD7E9859B}"
EndProject
Global
	GlobalSection(SolutionConfigurationPlatforms) = preSolution
		Debug|Any CPU = Debug|Any CPU
		Release|Any CPU = Release|Any CPU
	EndGlobalSection
	GlobalSection(ProjectConfigurationPlatforms) = postSolution
		{308464AA-6559-419F-A71B-22EAD7E9859B}.Debug|Any CPU.ActiveCfg = Debug|Any CPU
		{308464AA-6559-419F-A71B-22EAD7E9859B}.Debug|Any CPU.Build.0 = Debug|Any CPU
		{308464AA-6559-419F-A71B-22EAD7E9859B}.Release|Any CPU.ActiveCfg = Release|Any CPU
		{308464AA-6559-419F-A71B-22EAD7E9859B}.Release|Any CPU.Build.0 = Release|Any CPU
	EndGlobalSection
	GlobalSection(SolutionProperties) = preSolution
		HideSolutionNode = FALSE
	EndGlobalSection
	GlobalSection(ExtensibilityGlobals) = postSolution
		SolutionGuid = {56756487-6091-4A1F-B09E-0A03603E8689}
	EndGlobalSection
EndGlobal
